{"1.1.0",
[{<<"base16">>,{pkg,<<"base16">>,<<"1.0.0">>},0},
 {<<"cowlib">>,{pkg,<<"cowlib">>,<<"1.3.0">>},1},
 {<<"exml">>,
  {git,"https://github.com/esl/exml",
       {ref,"013fc58a64fa5bbd6736127cc1da078d4570c537"}},
  0},
 {<<"fusco">>,{pkg,<<"fusco">>,<<"0.1.0">>},0},
 {<<"gun">>,{pkg,<<"gun">>,<<"1.0.0-pre.4">>},0},
 {<<"hamcrest">>,
  {git,"https://github.com/basho/hamcrest-erlang.git",
       {ref,"98bc7aa19ea081478c816824aa05fc5a48acae66"}},
  1},
 {<<"meck">>,{pkg,<<"meck">>,<<"0.8.9">>},0},
 {<<"mustache">>,
  {git,"https://github.com/mojombo/mustache.erl",
       {ref,"031c7aa302810424c198aa003aa8cf090150b555"}},
  0},
 {<<"quickrand">>,{pkg,<<"quickrand">>,<<"1.7.2">>},1},
 {<<"ranch">>,{pkg,<<"ranch">>,<<"1.4.0">>},1},
 {<<"uuid">>,{pkg,<<"uuid_erl">>,<<"1.7.2">>},0},
 {<<"wsecli">>,
  {git,"https://github.com/esl/wsecli",
       {ref,"a89054cf71c5ee9e780998e5acb2a78fd3419dd9"}},
  0},
 {<<"wsock">>,
  {git,"https://github.com/esl/wsock",
       {ref,"251e18b80c018bb5a6e2f1bbd9bcfcc92e1d9383"}},
  1}]}.
[
{pkg_hash,[
 {<<"base16">>, <<"283644E2B21BD5915ACB7178BED7851FB07C6E5749B8FAD68A53C501092176D9">>},
 {<<"cowlib">>, <<"6C80CA7F2863C0D7A21C946312BAF473432B56A79E46E20BC27A3BAC07C40439">>},
 {<<"fusco">>, <<"9E37B660A55690F687ACE2143316F7998587529BE2580F1AE54245ACD1AD3D40">>},
 {<<"gun">>, <<"23685826F097D115703B7D111D454077FCE0B45545EEE62FB9D56C102989FC7E">>},
 {<<"meck">>, <<"64C5C0BD8BCCA3A180B44196265C8ED7594E16BCC845D0698EC6B4E577F48188">>},
 {<<"quickrand">>, <<"E856F3C69FEC00D1ACCA8E56CB452B650E838D3A9720811410F439121EFAFE59">>},
 {<<"ranch">>, <<"10272F95DA79340FA7E8774BA7930B901713D272905D0012B06CA6D994F8826B">>},
 {<<"uuid">>, <<"D596C8DD01A4AE48B9D8D51832CCC8F8302BF67ACD01336AEC3FCFAE6B9D2BC2">>}]}
].
